{
  "name": "canvas-sketches",
  "version": "1.0.0",
  "lockfileVersion": 1,
  "requires": true,
  "dependencies": {
    "2d-polygon-area": {
      "version": "1.0.0",
      "resolved": "https://registry.npmjs.org/2d-polygon-area/-/2d-polygon-area-1.0.0.tgz",
      "integrity": "sha1-IQGx80ARb9qWLCdlbS5J0mG09Pg="
    },
    "2d-polygon-boolean": {
      "version": "1.0.1",
      "resolved": "https://registry.npmjs.org/2d-polygon-boolean/-/2d-polygon-boolean-1.0.1.tgz",
      "integrity": "sha1-964RovyX1e30KumAo+VGos9HFeA=",
      "requires": {
        "2d-polygon-area": "^1.0.0",
        "point-in-big-polygon": "~1.0.0",
        "segseg": "~0.2.0",
        "signum": "^1.0.0"
      }
    },
    "@sindresorhus/is": {
      "version": "0.14.0",
      "resolved": "https://registry.npmjs.org/@sindresorhus/is/-/is-0.14.0.tgz",
      "integrity": "sha512-9NET910DNaIPngYnLLPeg+Ogzqsi9uM4mSboU5y6p8S5DzMTVEsJZrawi+BoDNUVBa2DhJqQYUFvMDfgU062LQ=="
    },
    "@szmarczak/http-timer": {
      "version": "1.1.2",
      "resolved": "https://registry.npmjs.org/@szmarczak/http-timer/-/http-timer-1.1.2.tgz",
      "integrity": "sha512-XIB2XbzHTN6ieIjfIMV9hlVcfPU26s2vafYWQcZHWXHOxiaRZYEDKEwdl129Zyg50+foYV2jCgtrqSA6qNuNSA==",
      "requires": {
        "defer-to-connect": "^1.0.1"
      }
    },
    "binary-search-bounds": {
      "version": "1.0.0",
      "resolved": "https://registry.npmjs.org/binary-search-bounds/-/binary-search-bounds-1.0.0.tgz",
      "integrity": "sha1-MjyjF+PypA9CRMclX1OEpbIHu2k="
    },
    "cacheable-request": {
      "version": "6.1.0",
      "resolved": "https://registry.npmjs.org/cacheable-request/-/cacheable-request-6.1.0.tgz",
      "integrity": "sha512-Oj3cAGPCqOZX7Rz64Uny2GYAZNliQSqfbePrgAQ1wKAihYmCUnraBtJtKcGR4xz7wF+LoJC+ssFZvv5BgF9Igg==",
      "requires": {
        "clone-response": "^1.0.2",
        "get-stream": "^5.1.0",
        "http-cache-semantics": "^4.0.0",
        "keyv": "^3.0.0",
        "lowercase-keys": "^2.0.0",
        "normalize-url": "^4.1.0",
        "responselike": "^1.0.2"
      },
      "dependencies": {
        "get-stream": {
          "version": "5.1.0",
          "resolved": "https://registry.npmjs.org/get-stream/-/get-stream-5.1.0.tgz",
          "integrity": "sha512-EXr1FOzrzTfGeL0gQdeFEvOMm2mzMOglyiOXSTpPC+iAjAKftbr3jpCMWynogwYnM+eSj9sHGc6wjIcDvYiygw==",
          "requires": {
            "pump": "^3.0.0"
          }
        },
        "lowercase-keys": {
          "version": "2.0.0",
          "resolved": "https://registry.npmjs.org/lowercase-keys/-/lowercase-keys-2.0.0.tgz",
          "integrity": "sha512-tqNXrS78oMOE73NMxK4EMLQsQowWf8jKooH9g7xPavRT706R6bkQJ6DY2Te7QukaZsulxa30wQ7bk0pm4XiHmA=="
        }
      }
    },
    "canvas-sketch": {
      "version": "0.3.1",
      "resolved": "https://registry.npmjs.org/canvas-sketch/-/canvas-sketch-0.3.1.tgz",
      "integrity": "sha512-B9b6jRAtmQd2LFhkqd4hci+jUoYwXp1Im5c9eAJoZOrnZJ/0ZgPAZreEzEaGVxMcmF1LCzt+voGzjTrtO+6jMQ==",
      "requires": {
        "convert-length": "^1.0.1",
        "dateformat": "^3.0.3",
        "deep-equal": "^1.0.1",
        "get-canvas-context": "^1.0.2",
        "is-class": "0.0.5",
        "is-dom": "^1.0.9",
        "is-promise": "^2.1.0",
        "object-assign": "^4.1.1",
        "pad-left": "^2.1.0",
        "right-now": "^1.0.0"
      }
    },
    "canvas-sketch-util": {
      "version": "file:../canvas-sketch-util",
      "requires": {
        "abs-svg-path": "^0.1.1",
        "almost-equal": "^1.1.0",
        "array-almost-equal": "^1.0.0",
        "clone": "^2.1.2",
        "color-luminance": "^2.1.0",
        "convert-length": "^1.0.1",
        "d3-path": "^1.0.8",
        "defined": "^1.0.0",
        "float-hsl2rgb": "^1.0.2",
        "float-rgb2hsl": "^1.0.1",
        "lineclip": "^1.1.5",
        "normalize-svg-path": "^1.0.1",
        "parse-color": "^1.0.0",
        "parse-svg-path": "^0.1.2",
        "primitive-quad": "^2.0.0",
        "regl": "^1.3.7",
        "seed-random": "^2.2.0",
        "simplex-noise": "^2.4.0",
        "svg-path-contours": "^2.0.0"
      },
      "dependencies": {
        "abs-svg-path": {
          "version": "0.1.1",
          "resolved": "https://registry.npmjs.org/abs-svg-path/-/abs-svg-path-0.1.1.tgz",
          "integrity": "sha1-32Acjo0roQ1KdtYl4japo5wnI78="
        },
        "adaptive-bezier-curve": {
          "version": "1.0.3",
          "resolved": "https://registry.npmjs.org/adaptive-bezier-curve/-/adaptive-bezier-curve-1.0.3.tgz",
          "integrity": "sha1-R3V3q+h9coDUbKQWSfbCJkb+gic="
        },
        "almost-equal": {
          "version": "1.1.0",
          "resolved": "https://registry.npmjs.org/almost-equal/-/almost-equal-1.1.0.tgz",
          "integrity": "sha1-+FHGMROHV5lCdqou++jfowZszN0="
        },
        "an-array": {
          "version": "1.0.0",
          "resolved": "https://registry.npmjs.org/an-array/-/an-array-1.0.0.tgz",
          "integrity": "sha1-wSWlu4JXd4419LT2qpx9D6nkJmU="
        },
        "array-almost-equal": {
          "version": "1.0.0",
          "resolved": "https://registry.npmjs.org/array-almost-equal/-/array-almost-equal-1.0.0.tgz",
          "integrity": "sha1-Q8VP9DUELpy/pCEqxJraX8c1n8U=",
          "requires": {
            "almost-equal": "0.0.0",
            "an-array": "^1.0.0"
          },
          "dependencies": {
            "almost-equal": {
              "version": "0.0.0",
              "resolved": "https://registry.npmjs.org/almost-equal/-/almost-equal-0.0.0.tgz",
              "integrity": "sha1-56Wms0V7Z8g+4ARPmo0HY3NV8C0="
            }
          }
        },
        "clone": {
          "version": "2.1.2",
          "resolved": "https://registry.npmjs.org/clone/-/clone-2.1.2.tgz",
          "integrity": "sha1-G39Ln1kfHo+DZwQBYANFoCiHQ18="
        },
        "color-convert": {
          "version": "0.5.3",
          "resolved": "https://registry.npmjs.org/color-convert/-/color-convert-0.5.3.tgz",
          "integrity": "sha1-vbbGnOZg+t/+CwAHzER+G59ygr0="
        },
        "color-luminance": {
          "version": "2.1.0",
          "resolved": "https://registry.npmjs.org/color-luminance/-/color-luminance-2.1.0.tgz",
          "integrity": "sha1-WP8uvTK1LQf1N47v5aDnnWsxitc="
        },
        "convert-length": {
          "version": "1.0.1",
          "resolved": "https://registry.npmjs.org/convert-length/-/convert-length-1.0.1.tgz",
          "integrity": "sha512-w94Vge3sck6J1NHuA0du367/JTbj1zfjTapX7ixR2W+KlU4zb+NRTbou3x9nTpm5vlcXmjoaUJQpVN9pULCdxQ==",
          "requires": {
            "defined": "^1.0.0"
          }
        },
        "d3-path": {
          "version": "1.0.9",
          "resolved": "https://registry.npmjs.org/d3-path/-/d3-path-1.0.9.tgz",
          "integrity": "sha512-VLaYcn81dtHVTjEHd8B+pbe9yHWpXKZUC87PzoFmsFrJqgFwDe/qxfp5MlfsfM1V5E/iVt0MmEbWQ7FVIXh/bg=="
        },
        "defined": {
          "version": "1.0.0",
          "resolved": "https://registry.npmjs.org/defined/-/defined-1.0.0.tgz",
          "integrity": "sha1-yY2bzvdWdBiOEQlpFRGZ45sfppM="
        },
        "float-hsl2rgb": {
          "version": "1.0.2",
          "resolved": "https://registry.npmjs.org/float-hsl2rgb/-/float-hsl2rgb-1.0.2.tgz",
          "integrity": "sha1-7PNQnECsZWfJaiBGIrDExL9DyKE="
        },
        "float-rgb2hsl": {
          "version": "1.0.1",
          "resolved": "https://registry.npmjs.org/float-rgb2hsl/-/float-rgb2hsl-1.0.1.tgz",
          "integrity": "sha1-jv6qD8cm5TNjp5vz9jYIIFXBDA4="
        },
        "lineclip": {
          "version": "1.1.5",
          "resolved": "https://registry.npmjs.org/lineclip/-/lineclip-1.1.5.tgz",
          "integrity": "sha1-K/JgZ9lDVP6r+R5CdoI221YW/RM="
        },
        "normalize-svg-path": {
          "version": "1.1.0",
          "resolved": "https://registry.npmjs.org/normalize-svg-path/-/normalize-svg-path-1.1.0.tgz",
          "integrity": "sha512-r9KHKG2UUeB5LoTouwDzBy2VxXlHsiM6fyLQvnJa0S5hrhzqElH/CH7TUGhT1fVvIYBIKf3OpY4YJ4CK+iaqHg==",
          "requires": {
            "svg-arc-to-cubic-bezier": "^3.0.0"
          }
        },
        "parse-color": {
          "version": "1.0.0",
          "resolved": "https://registry.npmjs.org/parse-color/-/parse-color-1.0.0.tgz",
          "integrity": "sha1-e3SLlag/A/FqlPU15S1/PZRlhhk=",
          "requires": {
            "color-convert": "~0.5.0"
          }
        },
        "parse-svg-path": {
          "version": "0.1.2",
          "resolved": "https://registry.npmjs.org/parse-svg-path/-/parse-svg-path-0.1.2.tgz",
          "integrity": "sha1-en7A0esG+lMlx9PgCbhZoJtdSes="
        },
        "primitive-quad": {
          "version": "2.0.0",
          "resolved": "https://registry.npmjs.org/primitive-quad/-/primitive-quad-2.0.0.tgz",
          "integrity": "sha1-wgmT5PlgAjiSa7UA5SkFMEPvius="
        },
        "regl": {
          "version": "1.7.0",
          "resolved": "https://registry.npmjs.org/regl/-/regl-1.7.0.tgz",
          "integrity": "sha512-bEAtp/qrtKucxXSJkD4ebopFZYP0q1+3Vb2WECWv/T8yQEgKxDxJ7ztO285tAMaYZVR6mM1GgI6CCn8FROtL1w=="
        },
        "seed-random": {
          "version": "2.2.0",
          "resolved": "https://registry.npmjs.org/seed-random/-/seed-random-2.2.0.tgz",
          "integrity": "sha1-KpsZ4lCoFwmSMaW5mk2vgLf77VQ="
        },
        "simplex-noise": {
          "version": "2.4.0",
          "resolved": "https://registry.npmjs.org/simplex-noise/-/simplex-noise-2.4.0.tgz",
          "integrity": "sha512-OjyDWm/QZjVbMrPxDVi9b2as+SeNn9EBXlrWVRlFW+TSyWMSXouDryXkQN0vf5YP+QZKobrmkvx1eQYPLtuqfw=="
        },
        "svg-arc-to-cubic-bezier": {
          "version": "3.2.0",
          "resolved": "https://registry.npmjs.org/svg-arc-to-cubic-bezier/-/svg-arc-to-cubic-bezier-3.2.0.tgz",
          "integrity": "sha512-djbJ/vZKZO+gPoSDThGNpKDO+o+bAeA4XQKovvkNCqnIS2t+S4qnLAGQhyyrulhCFRl1WWzAp0wUDV8PpTVU3g=="
        },
        "svg-path-contours": {
          "version": "2.0.0",
          "resolved": "https://registry.npmjs.org/svg-path-contours/-/svg-path-contours-2.0.0.tgz",
          "integrity": "sha1-x2oSlCnbBette2Hk0cWNEUqJOKI=",
          "requires": {
            "abs-svg-path": "^0.1.1",
            "adaptive-bezier-curve": "^1.0.3",
            "normalize-svg-path": "^0.1.0",
            "vec2-copy": "^1.0.0"
          },
          "dependencies": {
            "normalize-svg-path": {
              "version": "0.1.0",
              "resolved": "https://registry.npmjs.org/normalize-svg-path/-/normalize-svg-path-0.1.0.tgz",
              "integrity": "sha1-RWNg5g7Odfvve11+FgSA5//Rb+U="
            }
          }
        },
        "vec2-copy": {
          "version": "1.0.0",
          "resolved": "https://registry.npmjs.org/vec2-copy/-/vec2-copy-1.0.0.tgz",
          "integrity": "sha1-xu7B2NrVRiUZTl9x+EM7YtLyCno="
        }
      }
    },
    "clone-response": {
      "version": "1.0.2",
      "resolved": "https://registry.npmjs.org/clone-response/-/clone-response-1.0.2.tgz",
      "integrity": "sha1-0dyXOSAxTfZ/vrlCI7TuNQI56Ws=",
      "requires": {
        "mimic-response": "^1.0.0"
      }
    },
    "convert-length": {
      "version": "1.0.1",
      "resolved": "https://registry.npmjs.org/convert-length/-/convert-length-1.0.1.tgz",
      "integrity": "sha512-w94Vge3sck6J1NHuA0du367/JTbj1zfjTapX7ixR2W+KlU4zb+NRTbou3x9nTpm5vlcXmjoaUJQpVN9pULCdxQ==",
      "requires": {
        "defined": "^1.0.0"
      }
    },
    "convert-units": {
      "version": "2.3.4",
      "resolved": "https://registry.npmjs.org/convert-units/-/convert-units-2.3.4.tgz",
      "integrity": "sha512-ERHfdA0UhHJp1IpwE6PnFJx8LqG7B1ZjJ20UvVCmopEnVCfER68Tbe3kvN63dLbYXDA2xFWRE6zd4Wsf0w7POg==",
      "requires": {
        "lodash.foreach": "2.3.x",
        "lodash.keys": "2.3.x"
      }
    },
    "dateformat": {
      "version": "3.0.3",
      "resolved": "https://registry.npmjs.org/dateformat/-/dateformat-3.0.3.tgz",
      "integrity": "sha512-jyCETtSl3VMZMWeRo7iY1FL19ges1t55hMo5yaam4Jrsm5EPL89UQkoQRyiI+Yf4k8r2ZpdngkV8hr1lIdjb3Q=="
    },
    "decompress-response": {
      "version": "3.3.0",
      "resolved": "https://registry.npmjs.org/decompress-response/-/decompress-response-3.3.0.tgz",
      "integrity": "sha1-gKTdMjdIOEv6JICDYirt7Jgq3/M=",
      "requires": {
        "mimic-response": "^1.0.0"
      }
    },
    "deep-equal": {
      "version": "1.0.1",
      "resolved": "https://registry.npmjs.org/deep-equal/-/deep-equal-1.0.1.tgz",
      "integrity": "sha1-9dJgKStmDghO/0zbyfCK0yR0SLU="
    },
    "defer-to-connect": {
      "version": "1.1.1",
      "resolved": "https://registry.npmjs.org/defer-to-connect/-/defer-to-connect-1.1.1.tgz",
      "integrity": "sha512-J7thop4u3mRTkYRQ+Vpfwy2G5Ehoy82I14+14W4YMDLKdWloI9gSzRbV30s/NckQGVJtPkWNcW4oMAUigTdqiQ=="
    },
    "defined": {
      "version": "1.0.0",
      "resolved": "https://registry.npmjs.org/defined/-/defined-1.0.0.tgz",
      "integrity": "sha1-yY2bzvdWdBiOEQlpFRGZ45sfppM="
    },
    "duplexer3": {
      "version": "0.1.4",
      "resolved": "https://registry.npmjs.org/duplexer3/-/duplexer3-0.1.4.tgz",
      "integrity": "sha1-7gHdHKwO08vH/b6jfcCo8c4ALOI="
    },
    "end-of-stream": {
      "version": "1.4.4",
      "resolved": "https://registry.npmjs.org/end-of-stream/-/end-of-stream-1.4.4.tgz",
      "integrity": "sha512-+uw1inIHVPQoaVuHzRyXd21icM+cnt4CzD5rW+NC1wjOUSTOs+Te7FOv7AhN7vS9x/oIyhLP5PR1H+phQAHu5Q==",
      "requires": {
        "once": "^1.4.0"
      }
    },
    "functional-red-black-tree": {
      "version": "1.0.1",
      "resolved": "https://registry.npmjs.org/functional-red-black-tree/-/functional-red-black-tree-1.0.1.tgz",
      "integrity": "sha1-GwqzvVU7Kg1jmdKcDj6gslIHgyc="
    },
    "get-canvas-context": {
      "version": "1.0.2",
      "resolved": "https://registry.npmjs.org/get-canvas-context/-/get-canvas-context-1.0.2.tgz",
      "integrity": "sha1-1ue1C8TkyGNXzTnyJkeoS3NgHpM="
    },
    "get-stream": {
      "version": "4.1.0",
      "resolved": "https://registry.npmjs.org/get-stream/-/get-stream-4.1.0.tgz",
      "integrity": "sha512-GMat4EJ5161kIy2HevLlr4luNjBgvmj413KaQA7jt4V8B4RDsfpHk7WQ9GVqfYyyx8OS/L66Kox+rJRNklLK7w==",
      "requires": {
        "pump": "^3.0.0"
      }
    },
    "got": {
      "version": "9.6.0",
      "resolved": "https://registry.npmjs.org/got/-/got-9.6.0.tgz",
      "integrity": "sha512-R7eWptXuGYxwijs0eV+v3o6+XH1IqVK8dJOEecQfTmkncw9AV4dcw/Dhxi8MdlqPthxxpZyizMzyg8RTmEsG+Q==",
      "requires": {
        "@sindresorhus/is": "^0.14.0",
        "@szmarczak/http-timer": "^1.1.2",
        "cacheable-request": "^6.0.0",
        "decompress-response": "^3.3.0",
        "duplexer3": "^0.1.4",
        "get-stream": "^4.1.0",
        "lowercase-keys": "^1.0.1",
        "mimic-response": "^1.0.1",
        "p-cancelable": "^1.0.0",
        "to-readable-stream": "^1.0.0",
        "url-parse-lax": "^3.0.0"
      }
    },
    "http-cache-semantics": {
      "version": "4.0.3",
      "resolved": "https://registry.npmjs.org/http-cache-semantics/-/http-cache-semantics-4.0.3.tgz",
      "integrity": "sha512-TcIMG3qeVLgDr1TEd2XvHaTnMPwYQUQMIBLy+5pLSDKYFc7UIqj39w8EGzZkaxoLv/l2K8HaI0t5AVA+YYgUew=="
    },
    "hull.js": {
      "version": "1.0.0",
      "resolved": "https://registry.npmjs.org/hull.js/-/hull.js-1.0.0.tgz",
      "integrity": "sha512-JwKyla57UJdor52LI17jJ00aRzwYZUrq/V+WkOSQoF0ZuBz1NBwAyI7VzDmSFSPqUrgVJc3HCvqnMQzUW6Ku9w=="
    },
    "is-class": {
      "version": "0.0.5",
      "resolved": "https://registry.npmjs.org/is-class/-/is-class-0.0.5.tgz",
      "integrity": "sha512-jOquneoRNrqbpDgh4hKicrMcGIl7jopvIJaWI+LyDVRzZrQy819qBaYSofOyUMTo/x5Jelvs8G5v/ptdySWy6A=="
    },
    "is-dom": {
      "version": "1.0.9",
      "resolved": "https://registry.npmjs.org/is-dom/-/is-dom-1.0.9.tgz",
      "integrity": "sha1-SDgy1SlyBz3hK5/j9gMghw2oNw0="
    },
    "is-promise": {
      "version": "2.1.0",
      "resolved": "https://registry.npmjs.org/is-promise/-/is-promise-2.1.0.tgz",
      "integrity": "sha1-eaKp7OfwlugPNtKy87wWwf9L8/o="
    },
    "json-buffer": {
      "version": "3.0.0",
      "resolved": "https://registry.npmjs.org/json-buffer/-/json-buffer-3.0.0.tgz",
      "integrity": "sha1-Wx85evx11ne96Lz8Dkfh+aPZqJg="
    },
    "keyv": {
      "version": "3.1.0",
      "resolved": "https://registry.npmjs.org/keyv/-/keyv-3.1.0.tgz",
      "integrity": "sha512-9ykJ/46SN/9KPM/sichzQ7OvXyGDYKGTaDlKMGCAlg2UK8KRy4jb0d8sFc+0Tt0YYnThq8X2RZgCg74RPxgcVA==",
      "requires": {
        "json-buffer": "3.0.0"
      }
    },
    "lodash._basebind": {
      "version": "2.3.0",
      "resolved": "https://registry.npmjs.org/lodash._basebind/-/lodash._basebind-2.3.0.tgz",
      "integrity": "sha1-K1vEUqDhBhQ7IYafIzvbWHQX0kg=",
      "requires": {
        "lodash._basecreate": "~2.3.0",
        "lodash._setbinddata": "~2.3.0",
        "lodash.isobject": "~2.3.0"
      }
    },
    "lodash._basecreate": {
      "version": "2.3.0",
      "resolved": "https://registry.npmjs.org/lodash._basecreate/-/lodash._basecreate-2.3.0.tgz",
      "integrity": "sha1-m4ioak3P97fzxh2Dovz8BnHsneA=",
      "requires": {
        "lodash._renative": "~2.3.0",
        "lodash.isobject": "~2.3.0",
        "lodash.noop": "~2.3.0"
      }
    },
    "lodash._basecreatecallback": {
      "version": "2.3.0",
      "resolved": "https://registry.npmjs.org/lodash._basecreatecallback/-/lodash._basecreatecallback-2.3.0.tgz",
      "integrity": "sha1-N7KrF1kaM56YjbMln81GAZ16w2I=",
      "requires": {
        "lodash._setbinddata": "~2.3.0",
        "lodash.bind": "~2.3.0",
        "lodash.identity": "~2.3.0",
        "lodash.support": "~2.3.0"
      }
    },
    "lodash._basecreatewrapper": {
      "version": "2.3.0",
      "resolved": "https://registry.npmjs.org/lodash._basecreatewrapper/-/lodash._basecreatewrapper-2.3.0.tgz",
      "integrity": "sha1-qgxhrZYETDkzN2ExSDqXWcNlEkc=",
      "requires": {
        "lodash._basecreate": "~2.3.0",
        "lodash._setbinddata": "~2.3.0",
        "lodash._slice": "~2.3.0",
        "lodash.isobject": "~2.3.0"
      }
    },
    "lodash._createwrapper": {
      "version": "2.3.0",
      "resolved": "https://registry.npmjs.org/lodash._createwrapper/-/lodash._createwrapper-2.3.0.tgz",
      "integrity": "sha1-0arhEC2t9EDo4G/BM6bt1/4UYHU=",
      "requires": {
        "lodash._basebind": "~2.3.0",
        "lodash._basecreatewrapper": "~2.3.0",
        "lodash.isfunction": "~2.3.0"
      }
    },
    "lodash._objecttypes": {
      "version": "2.3.0",
      "resolved": "https://registry.npmjs.org/lodash._objecttypes/-/lodash._objecttypes-2.3.0.tgz",
      "integrity": "sha1-aj6jmH3W7rgCGy1cnDA1Scwrrh4="
    },
    "lodash._renative": {
      "version": "2.3.0",
      "resolved": "https://registry.npmjs.org/lodash._renative/-/lodash._renative-2.3.0.tgz",
      "integrity": "sha1-d9jt1M7SbdWXH54Vpfdy5OMX+9M="
    },
    "lodash._setbinddata": {
      "version": "2.3.0",
      "resolved": "https://registry.npmjs.org/lodash._setbinddata/-/lodash._setbinddata-2.3.0.tgz",
      "integrity": "sha1-5WEEkKzRMnfVmFjZW18nJ/FQjwQ=",
      "requires": {
        "lodash._renative": "~2.3.0",
        "lodash.noop": "~2.3.0"
      }
    },
    "lodash._shimkeys": {
      "version": "2.3.0",
      "resolved": "https://registry.npmjs.org/lodash._shimkeys/-/lodash._shimkeys-2.3.0.tgz",
      "integrity": "sha1-YR+TFJ4+bHIQlrSHae8pU3rai6k=",
      "requires": {
        "lodash._objecttypes": "~2.3.0"
      }
    },
    "lodash._slice": {
      "version": "2.3.0",
      "resolved": "https://registry.npmjs.org/lodash._slice/-/lodash._slice-2.3.0.tgz",
      "integrity": "sha1-FHGYEyhZly5GgMoppZkshVZpqlw="
    },
    "lodash.bind": {
      "version": "2.3.0",
      "resolved": "https://registry.npmjs.org/lodash.bind/-/lodash.bind-2.3.0.tgz",
      "integrity": "sha1-wqjhi2jl7MFS4rFoJmEW/qWwFsw=",
      "requires": {
        "lodash._createwrapper": "~2.3.0",
        "lodash._renative": "~2.3.0",
        "lodash._slice": "~2.3.0"
      }
    },
    "lodash.foreach": {
      "version": "2.3.0",
      "resolved": "https://registry.npmjs.org/lodash.foreach/-/lodash.foreach-2.3.0.tgz",
      "integrity": "sha1-CDQEyR6EbudyRf3512UZxosq8Wg=",
      "requires": {
        "lodash._basecreatecallback": "~2.3.0",
        "lodash.forown": "~2.3.0"
      }
    },
    "lodash.forown": {
      "version": "2.3.0",
      "resolved": "https://registry.npmjs.org/lodash.forown/-/lodash.forown-2.3.0.tgz",
      "integrity": "sha1-JPtKr4ANRfwtxgv+w84EyDajrX8=",
      "requires": {
        "lodash._basecreatecallback": "~2.3.0",
        "lodash._objecttypes": "~2.3.0",
        "lodash.keys": "~2.3.0"
      }
    },
    "lodash.identity": {
      "version": "2.3.0",
      "resolved": "https://registry.npmjs.org/lodash.identity/-/lodash.identity-2.3.0.tgz",
      "integrity": "sha1-awGiEMlIU1XCqRO0i2cRIZoXPe0="
    },
    "lodash.isfunction": {
      "version": "2.3.0",
      "resolved": "https://registry.npmjs.org/lodash.isfunction/-/lodash.isfunction-2.3.0.tgz",
      "integrity": "sha1-aylz5HpkfPEucNZ2rqE2Q3BuUmc="
    },
    "lodash.isobject": {
      "version": "2.3.0",
      "resolved": "https://registry.npmjs.org/lodash.isobject/-/lodash.isobject-2.3.0.tgz",
      "integrity": "sha1-LhbT/Fg9qYMZaJU/LY5tc0NPZ5k=",
      "requires": {
        "lodash._objecttypes": "~2.3.0"
      }
    },
    "lodash.keys": {
      "version": "2.3.0",
      "resolved": "https://registry.npmjs.org/lodash.keys/-/lodash.keys-2.3.0.tgz",
      "integrity": "sha1-s1D0+Syqn0WkouzwGEVM8vKK4lM=",
      "requires": {
        "lodash._renative": "~2.3.0",
        "lodash._shimkeys": "~2.3.0",
        "lodash.isobject": "~2.3.0"
      }
    },
    "lodash.noop": {
      "version": "2.3.0",
      "resolved": "https://registry.npmjs.org/lodash.noop/-/lodash.noop-2.3.0.tgz",
      "integrity": "sha1-MFnWKNUbv5N80qC2/Dp/ISpmnCw="
    },
    "lodash.support": {
      "version": "2.3.0",
      "resolved": "https://registry.npmjs.org/lodash.support/-/lodash.support-2.3.0.tgz",
      "integrity": "sha1-fq8DivTw1qq3drRKptz8gDNMm/0=",
      "requires": {
        "lodash._renative": "~2.3.0"
      }
    },
    "lowercase-keys": {
      "version": "1.0.1",
      "resolved": "https://registry.npmjs.org/lowercase-keys/-/lowercase-keys-1.0.1.tgz",
      "integrity": "sha512-G2Lj61tXDnVFFOi8VZds+SoQjtQC3dgokKdDG2mTm1tx4m50NUHBOZSBwQQHyy0V12A0JTG4icfZQH+xPyh8VA=="
    },
    "map-limit": {
      "version": "0.0.1",
      "resolved": "https://registry.npmjs.org/map-limit/-/map-limit-0.0.1.tgz",
      "integrity": "sha1-63lhAxwPDo0AG/LVb6toXViCLzg=",
      "requires": {
        "once": "~1.3.0"
      },
      "dependencies": {
        "once": {
          "version": "1.3.3",
          "resolved": "https://registry.npmjs.org/once/-/once-1.3.3.tgz",
          "integrity": "sha1-suJhVXzkwxTsgwTz+oJmPkKXyiA=",
          "requires": {
            "wrappy": "1"
          }
        }
      }
    },
    "mimic-response": {
      "version": "1.0.1",
      "resolved": "https://registry.npmjs.org/mimic-response/-/mimic-response-1.0.1.tgz",
      "integrity": "sha512-j5EctnkH7amfV/q5Hgmoal1g2QHFJRraOtmx0JpIqkxhBhI/lJSl1nMpQ45hVarwNETOoWEimndZ4QK0RHxuxQ=="
    },
    "minimist": {
      "version": "1.2.0",
      "resolved": "https://registry.npmjs.org/minimist/-/minimist-1.2.0.tgz",
      "integrity": "sha1-o1AIsg9BOD7sH7kU9M1d95omQoQ="
    },
    "new-array": {
      "version": "1.0.0",
      "resolved": "https://registry.npmjs.org/new-array/-/new-array-1.0.0.tgz",
      "integrity": "sha1-XbxjnZYerH8an7wacUbsEvKST78="
    },
    "nice-color-palettes": {
      "version": "3.0.0",
      "resolved": "https://registry.npmjs.org/nice-color-palettes/-/nice-color-palettes-3.0.0.tgz",
      "integrity": "sha512-lL4AjabAAFi313tjrtmgm/bxCRzp4l3vCshojfV/ij3IPdtnRqv6Chcw+SqJUhbe7g3o3BecaqCJYUNLswGBhQ==",
      "requires": {
        "got": "^9.2.2",
        "map-limit": "0.0.1",
        "minimist": "^1.2.0",
        "new-array": "^1.0.0"
      }
    },
    "noisejs-ilmiont": {
      "version": "1.2.3",
      "resolved": "https://registry.npmjs.org/noisejs-ilmiont/-/noisejs-ilmiont-1.2.3.tgz",
      "integrity": "sha512-6i358V9omDJOdvKIW3HGAGKuNF72dqE19G++L/mrlmUI3wTCu03q0mJreAWiYn+0Js+AFcfQptpldIA0TH0TIw=="
    },
    "normalize-url": {
      "version": "4.5.0",
      "resolved": "https://registry.npmjs.org/normalize-url/-/normalize-url-4.5.0.tgz",
      "integrity": "sha512-2s47yzUxdexf1OhyRi4Em83iQk0aPvwTddtFz4hnSSw9dCEsLEGf6SwIO8ss/19S9iBb5sJaOuTvTGDeZI00BQ=="
    },
    "object-assign": {
      "version": "4.1.1",
      "resolved": "https://registry.npmjs.org/object-assign/-/object-assign-4.1.1.tgz",
      "integrity": "sha1-IQmtx5ZYh8/AXLvUQsrIv7s2CGM="
    },
    "once": {
      "version": "1.4.0",
      "resolved": "https://registry.npmjs.org/once/-/once-1.4.0.tgz",
      "integrity": "sha1-WDsap3WWHUsROsF9nFC6753Xa9E=",
      "requires": {
        "wrappy": "1"
      }
    },
    "p-cancelable": {
      "version": "1.1.0",
      "resolved": "https://registry.npmjs.org/p-cancelable/-/p-cancelable-1.1.0.tgz",
      "integrity": "sha512-s73XxOZ4zpt1edZYZzvhqFa6uvQc1vwUa0K0BdtIZgQMAJj9IbebH+JkgKZc9h+B05PKHLOTl4ajG1BmNrVZlw=="
    },
    "p5": {
      "version": "0.8.0",
      "resolved": "https://registry.npmjs.org/p5/-/p5-0.8.0.tgz",
      "integrity": "sha512-X415HATmOwcbWpgXTCHyDNdcGTNuzuZFaW9GoOsZd3PFrTmugdf+xLr9AO+rGHxBOFgdqfaj766vJeH1wPkCrQ=="
    },
    "pad-left": {
      "version": "2.1.0",
      "resolved": "https://registry.npmjs.org/pad-left/-/pad-left-2.1.0.tgz",
      "integrity": "sha1-FuajstRKjhOMsIOMx8tAOk/J6ZQ=",
      "requires": {
        "repeat-string": "^1.5.4"
      }
    },
    "point-in-big-polygon": {
      "version": "1.0.0",
      "resolved": "https://registry.npmjs.org/point-in-big-polygon/-/point-in-big-polygon-1.0.0.tgz",
      "integrity": "sha1-GGZyV6GLqc6qOd5Pw6LPSZaiAiU=",
      "requires": {
        "robust-orientation": "^1.0.2",
        "slab-decomposition": "^1.0.1"
      }
    },
    "polybooljs": {
      "version": "1.2.0",
      "resolved": "https://registry.npmjs.org/polybooljs/-/polybooljs-1.2.0.tgz",
      "integrity": "sha1-tDkMLgedTCYtOyUExiiNlbp6R1g="
    },
    "prepend-http": {
      "version": "2.0.0",
      "resolved": "https://registry.npmjs.org/prepend-http/-/prepend-http-2.0.0.tgz",
      "integrity": "sha1-6SQ0v6XqjBn0HN/UAddBo8gZ2Jc="
    },
    "pump": {
      "version": "3.0.0",
      "resolved": "https://registry.npmjs.org/pump/-/pump-3.0.0.tgz",
      "integrity": "sha512-LwZy+p3SFs1Pytd/jYct4wpv49HiYCqd9Rlc5ZVdk0V+8Yzv6jR5Blk3TRmPL1ft69TxP0IMZGJ+WPFU2BFhww==",
      "requires": {
        "end-of-stream": "^1.1.0",
        "once": "^1.3.1"
      }
    },
    "repeat-string": {
      "version": "1.6.1",
      "resolved": "https://registry.npmjs.org/repeat-string/-/repeat-string-1.6.1.tgz",
      "integrity": "sha1-jcrkcOHIirwtYA//Sndihtp15jc="
    },
    "responselike": {
      "version": "1.0.2",
      "resolved": "https://registry.npmjs.org/responselike/-/responselike-1.0.2.tgz",
      "integrity": "sha1-kYcg7ztjHFZCvgaPFa3lpG9Loec=",
      "requires": {
        "lowercase-keys": "^1.0.0"
      }
    },
    "right-now": {
      "version": "1.0.0",
      "resolved": "https://registry.npmjs.org/right-now/-/right-now-1.0.0.tgz",
      "integrity": "sha1-bolgne69fc2vja7Mmuo5z1haCRg="
    },
    "robust-orientation": {
      "version": "1.1.3",
      "resolved": "https://registry.npmjs.org/robust-orientation/-/robust-orientation-1.1.3.tgz",
      "integrity": "sha1-2v9bANO+TmByLw6cAVbvln8cIEk=",
      "requires": {
        "robust-scale": "^1.0.2",
        "robust-subtract": "^1.0.0",
        "robust-sum": "^1.0.0",
        "two-product": "^1.0.2"
      }
    },
    "robust-scale": {
      "version": "1.0.2",
      "resolved": "https://registry.npmjs.org/robust-scale/-/robust-scale-1.0.2.tgz",
      "integrity": "sha1-d1Ey7QlULQKOWLLMecBikLz3jDI=",
      "requires": {
        "two-product": "^1.0.2",
        "two-sum": "^1.0.0"
      }
    },
    "robust-subtract": {
      "version": "1.0.0",
      "resolved": "https://registry.npmjs.org/robust-subtract/-/robust-subtract-1.0.0.tgz",
      "integrity": "sha1-4LFk4e2LpOOl3aRaEgODSNvtPpo="
    },
    "robust-sum": {
      "version": "1.0.0",
      "resolved": "https://registry.npmjs.org/robust-sum/-/robust-sum-1.0.0.tgz",
      "integrity": "sha1-FmRuUlKStNJdgnV6KGlV4Lv6U9k="
    },
    "segseg": {
      "version": "0.2.2",
      "resolved": "https://registry.npmjs.org/segseg/-/segseg-0.2.2.tgz",
      "integrity": "sha1-liCsjWDS8JjIdLlFyRzd+v/j49c="
    },
    "signum": {
      "version": "1.0.0",
      "resolved": "https://registry.npmjs.org/signum/-/signum-1.0.0.tgz",
      "integrity": "sha1-dKfSvyogtA66FqkrFSEk8dVZ+nc="
    },
    "slab-decomposition": {
      "version": "1.0.2",
      "resolved": "https://registry.npmjs.org/slab-decomposition/-/slab-decomposition-1.0.2.tgz",
      "integrity": "sha1-He1WdU1AixBznxRRA9/GGAf2UTQ=",
      "requires": {
        "binary-search-bounds": "^1.0.0",
        "functional-red-black-tree": "^1.0.0",
        "robust-orientation": "^1.1.3"
      }
    },
    "to-readable-stream": {
      "version": "1.0.0",
      "resolved": "https://registry.npmjs.org/to-readable-stream/-/to-readable-stream-1.0.0.tgz",
      "integrity": "sha512-Iq25XBt6zD5npPhlLVXGFN3/gyR2/qODcKNNyTMd4vbm39HUaOiAM4PMq0eMVC/Tkxz+Zjdsc55g9yyz+Yq00Q=="
    },
    "two-product": {
      "version": "1.0.2",
      "resolved": "https://registry.npmjs.org/two-product/-/two-product-1.0.2.tgz",
      "integrity": "sha1-Z9ldSyV6kh4stL16+VEfkIhSLqo="
    },
    "two-sum": {
      "version": "1.0.0",
      "resolved": "https://registry.npmjs.org/two-sum/-/two-sum-1.0.0.tgz",
      "integrity": "sha1-MdPzIjnk9zHsqd+RVeKyl/AIq2Q="
    },
    "url-parse-lax": {
      "version": "3.0.0",
      "resolved": "https://registry.npmjs.org/url-parse-lax/-/url-parse-lax-3.0.0.tgz",
      "integrity": "sha1-FrXK/Afb42dsGxmZF3gj1lA6yww=",
      "requires": {
        "prepend-http": "^2.0.0"
      }
    },
    "wrappy": {
      "version": "1.0.2",
      "resolved": "https://registry.npmjs.org/wrappy/-/wrappy-1.0.2.tgz",
      "integrity": "sha1-tSQ9jz7BqjXxNkYFvA0QNuMKtp8="
    }
  }
}
